// !$*UTF8*$!
{
	archiveVersion = 1;
	classes = {
	};
	objectVersion = 52;
	objects = {

/* Begin PBXBuildFile section */
		5C155311260A1A2700AC8733 /* DownloadRow.swift in Sources */ = {isa = PBXBuildFile; fileRef = 5C155310260A1A2700AC8733 /* DownloadRow.swift */; };
		5C3516BF2600912500154A5F /* DownloadTaskPublisher.swift in Sources */ = {isa = PBXBuildFile; fileRef = 5C3516BE2600912500154A5F /* DownloadTaskPublisher.swift */; };
		5C3516C92600977900154A5F /* FeedItemMeta.swift in Sources */ = {isa = PBXBuildFile; fileRef = 5C3516C82600977900154A5F /* FeedItemMeta.swift */; };
		5C3516CE260099B600154A5F /* DownloadManager.swift in Sources */ = {isa = PBXBuildFile; fileRef = 5C3516CD260099B600154A5F /* DownloadManager.swift */; };
		5C88903625E52AC500FE468B /* FeedRow.swift in Sources */ = {isa = PBXBuildFile; fileRef = 5C88903525E52AC500FE468B /* FeedRow.swift */; };
		5C88903A25E52E3F00FE468B /* LoadableImage.swift in Sources */ = {isa = PBXBuildFile; fileRef = 5C88903925E52E3F00FE468B /* LoadableImage.swift */; };
		5C88903E25E52F1300FE468B /* ImageLoader.swift in Sources */ = {isa = PBXBuildFile; fileRef = 5C88903D25E52F1300FE468B /* ImageLoader.swift */; };
		5CBAA22E25ED917700969A02 /* PlayerExtensions.swift in Sources */ = {isa = PBXBuildFile; fileRef = 5CBAA22D25ED917700969A02 /* PlayerExtensions.swift */; };
		5CBAA23225ED91AC00969A02 /* RSSFeedExtensions.swift in Sources */ = {isa = PBXBuildFile; fileRef = 5CBAA23125ED91AC00969A02 /* RSSFeedExtensions.swift */; };
		5CBAA29125EE62A500969A02 /* Always.swift in Sources */ = {isa = PBXBuildFile; fileRef = 5CBAA29025EE62A500969A02 /* Always.swift */; };
		5CBAA29625EE68AF00969A02 /* PlayerController.swift in Sources */ = {isa = PBXBuildFile; fileRef = 5CBAA29525EE68AF00969A02 /* PlayerController.swift */; };
		5CBB7C4F25DB067D0056217C /* PodcastsApp.swift in Sources */ = {isa = PBXBuildFile; fileRef = 5CBB7C4E25DB067D0056217C /* PodcastsApp.swift */; };
		5CBB7C5325DB067E0056217C /* Assets.xcassets in Resources */ = {isa = PBXBuildFile; fileRef = 5CBB7C5225DB067E0056217C /* Assets.xcassets */; };
		5CBB7C5625DB067E0056217C /* Preview Assets.xcassets in Resources */ = {isa = PBXBuildFile; fileRef = 5CBB7C5525DB067E0056217C /* Preview Assets.xcassets */; };
		5CBB7C6025DB08DF0056217C /* FeedKit in Frameworks */ = {isa = PBXBuildFile; productRef = 5CBB7C5F25DB08DF0056217C /* FeedKit */; };
		5CBB7C6825DB09900056217C /* FeedView.swift in Sources */ = {isa = PBXBuildFile; fileRef = 5CBB7C6725DB09900056217C /* FeedView.swift */; };
		5CBB7C7025DB09D30056217C /* DownloadsView.swift in Sources */ = {isa = PBXBuildFile; fileRef = 5CBB7C6F25DB09D30056217C /* DownloadsView.swift */; };
		5CBB7C7325DB0B890056217C /* FeedDataSource.swift in Sources */ = {isa = PBXBuildFile; fileRef = 5CBB7C7225DB0B890056217C /* FeedDataSource.swift */; };
		5CDABDC525DBF75900FD0857 /* PlayerView.swift in Sources */ = {isa = PBXBuildFile; fileRef = 5CDABDC425DBF75900FD0857 /* PlayerView.swift */; };
		5CDABDD225DC019F00FD0857 /* Podcasts_ProApp.swift in Sources */ = {isa = PBXBuildFile; fileRef = 5CDABDD125DC019F00FD0857 /* Podcasts_ProApp.swift */; };
		5CDABDD425DC019F00FD0857 /* ContentView.swift in Sources */ = {isa = PBXBuildFile; fileRef = 5CDABDD325DC019F00FD0857 /* ContentView.swift */; };
		5CDABDD625DC01A000FD0857 /* Assets.xcassets in Resources */ = {isa = PBXBuildFile; fileRef = 5CDABDD525DC01A000FD0857 /* Assets.xcassets */; };
		5CDABDD925DC01A000FD0857 /* Preview Assets.xcassets in Resources */ = {isa = PBXBuildFile; fileRef = 5CDABDD825DC01A000FD0857 /* Preview Assets.xcassets */; };
		5CDABDE325DC01C000FD0857 /* FeedKit in Frameworks */ = {isa = PBXBuildFile; productRef = 5CDABDE225DC01C000FD0857 /* FeedKit */; };
		5CDABDE425DC01CE00FD0857 /* DownloadsView.swift in Sources */ = {isa = PBXBuildFile; fileRef = 5CBB7C6F25DB09D30056217C /* DownloadsView.swift */; };
		5CDABDE525DC01CE00FD0857 /* FeedView.swift in Sources */ = {isa = PBXBuildFile; fileRef = 5CBB7C6725DB09900056217C /* FeedView.swift */; };
		5CDABDE825DC01D300FD0857 /* PodcastsApp.swift in Sources */ = {isa = PBXBuildFile; fileRef = 5CBB7C4E25DB067D0056217C /* PodcastsApp.swift */; };
		5CDABDE925DC01D300FD0857 /* FeedDataSource.swift in Sources */ = {isa = PBXBuildFile; fileRef = 5CBB7C7225DB0B890056217C /* FeedDataSource.swift */; };
		5CDABDEA25DC01D300FD0857 /* PlayerView.swift in Sources */ = {isa = PBXBuildFile; fileRef = 5CDABDC425DBF75900FD0857 /* PlayerView.swift */; };
/* End PBXBuildFile section */

/* Begin PBXFileReference section */
		5C155310260A1A2700AC8733 /* DownloadRow.swift */ = {isa = PBXFileReference; lastKnownFileType = sourcecode.swift; path = DownloadRow.swift; sourceTree = "<group>"; };
		5C3516BE2600912500154A5F /* DownloadTaskPublisher.swift */ = {isa = PBXFileReference; lastKnownFileType = sourcecode.swift; path = DownloadTaskPublisher.swift; sourceTree = "<group>"; };
		5C3516C82600977900154A5F /* FeedItemMeta.swift */ = {isa = PBXFileReference; lastKnownFileType = sourcecode.swift; path = FeedItemMeta.swift; sourceTree = "<group>"; };
		5C3516CD260099B600154A5F /* DownloadManager.swift */ = {isa = PBXFileReference; lastKnownFileType = sourcecode.swift; path = DownloadManager.swift; sourceTree = "<group>"; };
		5C88903525E52AC500FE468B /* FeedRow.swift */ = {isa = PBXFileReference; lastKnownFileType = sourcecode.swift; path = FeedRow.swift; sourceTree = "<group>"; };
		5C88903925E52E3F00FE468B /* LoadableImage.swift */ = {isa = PBXFileReference; fileEncoding = 4; lastKnownFileType = sourcecode.swift; name = LoadableImage.swift; path = "../../../../../Session 2/i_samalazau/Training 2/View/Supplementary/LoadableImage.swift"; sourceTree = "<group>"; };
		5C88903D25E52F1300FE468B /* ImageLoader.swift */ = {isa = PBXFileReference; fileEncoding = 4; lastKnownFileType = sourcecode.swift; name = ImageLoader.swift; path = "../../../../../Session 2/i_samalazau/Training 2/Model/ImageLoader.swift"; sourceTree = "<group>"; };
		5CBAA22D25ED917700969A02 /* PlayerExtensions.swift */ = {isa = PBXFileReference; lastKnownFileType = sourcecode.swift; path = PlayerExtensions.swift; sourceTree = "<group>"; };
		5CBAA23125ED91AC00969A02 /* RSSFeedExtensions.swift */ = {isa = PBXFileReference; lastKnownFileType = sourcecode.swift; path = RSSFeedExtensions.swift; sourceTree = "<group>"; };
		5CBAA29025EE62A500969A02 /* Always.swift */ = {isa = PBXFileReference; lastKnownFileType = sourcecode.swift; path = Always.swift; sourceTree = "<group>"; };
		5CBAA29525EE68AF00969A02 /* PlayerController.swift */ = {isa = PBXFileReference; lastKnownFileType = sourcecode.swift; path = PlayerController.swift; sourceTree = "<group>"; };
		5CBB7C4B25DB067D0056217C /* Podcasts.app */ = {isa = PBXFileReference; explicitFileType = wrapper.application; includeInIndex = 0; path = Podcasts.app; sourceTree = BUILT_PRODUCTS_DIR; };
		5CBB7C4E25DB067D0056217C /* PodcastsApp.swift */ = {isa = PBXFileReference; lastKnownFileType = sourcecode.swift; path = PodcastsApp.swift; sourceTree = "<group>"; };
		5CBB7C5225DB067E0056217C /* Assets.xcassets */ = {isa = PBXFileReference; lastKnownFileType = folder.assetcatalog; path = Assets.xcassets; sourceTree = "<group>"; };
		5CBB7C5525DB067E0056217C /* Preview Assets.xcassets */ = {isa = PBXFileReference; lastKnownFileType = folder.assetcatalog; path = "Preview Assets.xcassets"; sourceTree = "<group>"; };
		5CBB7C5725DB067E0056217C /* Info.plist */ = {isa = PBXFileReference; lastKnownFileType = text.plist.xml; path = Info.plist; sourceTree = "<group>"; };
		5CBB7C6725DB09900056217C /* FeedView.swift */ = {isa = PBXFileReference; lastKnownFileType = sourcecode.swift; path = FeedView.swift; sourceTree = "<group>"; };
		5CBB7C6F25DB09D30056217C /* DownloadsView.swift */ = {isa = PBXFileReference; lastKnownFileType = sourcecode.swift; path = DownloadsView.swift; sourceTree = "<group>"; };
		5CBB7C7225DB0B890056217C /* FeedDataSource.swift */ = {isa = PBXFileReference; lastKnownFileType = sourcecode.swift; path = FeedDataSource.swift; sourceTree = "<group>"; };
		5CDABDC425DBF75900FD0857 /* PlayerView.swift */ = {isa = PBXFileReference; lastKnownFileType = sourcecode.swift; path = PlayerView.swift; sourceTree = "<group>"; };
		5CDABDCF25DC019F00FD0857 /* Podcasts Pro.app */ = {isa = PBXFileReference; explicitFileType = wrapper.application; includeInIndex = 0; path = "Podcasts Pro.app"; sourceTree = BUILT_PRODUCTS_DIR; };
		5CDABDD125DC019F00FD0857 /* Podcasts_ProApp.swift */ = {isa = PBXFileReference; lastKnownFileType = sourcecode.swift; path = Podcasts_ProApp.swift; sourceTree = "<group>"; };
		5CDABDD325DC019F00FD0857 /* ContentView.swift */ = {isa = PBXFileReference; lastKnownFileType = sourcecode.swift; path = ContentView.swift; sourceTree = "<group>"; };
		5CDABDD525DC01A000FD0857 /* Assets.xcassets */ = {isa = PBXFileReference; lastKnownFileType = folder.assetcatalog; path = Assets.xcassets; sourceTree = "<group>"; };
		5CDABDD825DC01A000FD0857 /* Preview Assets.xcassets */ = {isa = PBXFileReference; lastKnownFileType = folder.assetcatalog; path = "Preview Assets.xcassets"; sourceTree = "<group>"; };
		5CDABDDA25DC01A000FD0857 /* Info.plist */ = {isa = PBXFileReference; lastKnownFileType = text.plist.xml; path = Info.plist; sourceTree = "<group>"; };
		5CDABDDB25DC01A000FD0857 /* Podcasts_Pro.entitlements */ = {isa = PBXFileReference; lastKnownFileType = text.plist.entitlements; path = Podcasts_Pro.entitlements; sourceTree = "<group>"; };
/* End PBXFileReference section */

/* Begin PBXFrameworksBuildPhase section */
		5CBB7C4825DB067D0056217C /* Frameworks */ = {
			isa = PBXFrameworksBuildPhase;
			buildActionMask = 2147483647;
			files = (
				5CBB7C6025DB08DF0056217C /* FeedKit in Frameworks */,
			);
			runOnlyForDeploymentPostprocessing = 0;
		};
		5CDABDCC25DC019F00FD0857 /* Frameworks */ = {
			isa = PBXFrameworksBuildPhase;
			buildActionMask = 2147483647;
			files = (
				5CDABDE325DC01C000FD0857 /* FeedKit in Frameworks */,
			);
			runOnlyForDeploymentPostprocessing = 0;
		};
/* End PBXFrameworksBuildPhase section */

/* Begin PBXGroup section */
		5C3516BD2600910B00154A5F /* URLSession */ = {
			isa = PBXGroup;
			children = (
				5C3516BE2600912500154A5F /* DownloadTaskPublisher.swift */,
			);
			path = URLSession;
			sourceTree = "<group>";
		};
		5C3516CC260099A900154A5F /* DownloadManager */ = {
			isa = PBXGroup;
			children = (
				5C3516CD260099B600154A5F /* DownloadManager.swift */,
			);
			path = DownloadManager;
			sourceTree = "<group>";
		};
		5CBAA28F25EE629700969A02 /* Publishers */ = {
			isa = PBXGroup;
			children = (
				5CBAA29025EE62A500969A02 /* Always.swift */,
			);
			path = Publishers;
			sourceTree = "<group>";
		};
		5CBAA29425EE68A500969A02 /* Player */ = {
			isa = PBXGroup;
			children = (
				5CBAA29525EE68AF00969A02 /* PlayerController.swift */,
				5CBAA22D25ED917700969A02 /* PlayerExtensions.swift */,
			);
			path = Player;
			sourceTree = "<group>";
		};
		5CBB7C4225DB067D0056217C = {
			isa = PBXGroup;
			children = (
				5CBB7C4D25DB067D0056217C /* Podcasts */,
				5CDABDD025DC019F00FD0857 /* Podcasts Pro */,
				5CBB7C4C25DB067D0056217C /* Products */,
				5CDABDE125DC01C000FD0857 /* Frameworks */,
			);
			sourceTree = "<group>";
		};
		5CBB7C4C25DB067D0056217C /* Products */ = {
			isa = PBXGroup;
			children = (
				5CBB7C4B25DB067D0056217C /* Podcasts.app */,
				5CDABDCF25DC019F00FD0857 /* Podcasts Pro.app */,
			);
			name = Products;
			sourceTree = "<group>";
		};
		5CBB7C4D25DB067D0056217C /* Podcasts */ = {
			isa = PBXGroup;
			children = (
				5CBB7C4E25DB067D0056217C /* PodcastsApp.swift */,
				5C3516CC260099A900154A5F /* DownloadManager */,
				5CBAA29425EE68A500969A02 /* Player */,
				5CBB7C6225DB08F70056217C /* View */,
				5CBB7C7525DB0BAE0056217C /* DataSource */,
				5CBB7C6325DB08FE0056217C /* Model */,
				5CBAA28F25EE629700969A02 /* Publishers */,
				5C3516BD2600910B00154A5F /* URLSession */,
				5CBB7C5225DB067E0056217C /* Assets.xcassets */,
				5CBB7C5725DB067E0056217C /* Info.plist */,
				5CBB7C5425DB067E0056217C /* Preview Content */,
			);
			path = Podcasts;
			sourceTree = "<group>";
		};
		5CBB7C5425DB067E0056217C /* Preview Content */ = {
			isa = PBXGroup;
			children = (
				5CBB7C5525DB067E0056217C /* Preview Assets.xcassets */,
			);
			path = "Preview Content";
			sourceTree = "<group>";
		};
		5CBB7C6225DB08F70056217C /* View */ = {
			isa = PBXGroup;
			children = (
				5C88903925E52E3F00FE468B /* LoadableImage.swift */,
				5CBB7C6525DB09070056217C /* Supplementary */,
				5CBB7C6425DB09020056217C /* Main */,
			);
			path = View;
			sourceTree = "<group>";
		};
		5CBB7C6325DB08FE0056217C /* Model */ = {
			isa = PBXGroup;
			children = (
				5C88903D25E52F1300FE468B /* ImageLoader.swift */,
				5CBAA23125ED91AC00969A02 /* RSSFeedExtensions.swift */,
				5C3516C82600977900154A5F /* FeedItemMeta.swift */,
			);
			path = Model;
			sourceTree = "<group>";
		};
		5CBB7C6425DB09020056217C /* Main */ = {
			isa = PBXGroup;
			children = (
				5CBB7C6725DB09900056217C /* FeedView.swift */,
				5CBB7C6F25DB09D30056217C /* DownloadsView.swift */,
			);
			path = Main;
			sourceTree = "<group>";
		};
		5CBB7C6525DB09070056217C /* Supplementary */ = {
			isa = PBXGroup;
			children = (
				5CDABDC425DBF75900FD0857 /* PlayerView.swift */,
				5C88903525E52AC500FE468B /* FeedRow.swift */,
				5C155310260A1A2700AC8733 /* DownloadRow.swift */,
			);
			path = Supplementary;
			sourceTree = "<group>";
		};
		5CBB7C7525DB0BAE0056217C /* DataSource */ = {
			isa = PBXGroup;
			children = (
				5CBB7C7225DB0B890056217C /* FeedDataSource.swift */,
			);
			path = DataSource;
			sourceTree = "<group>";
		};
		5CDABDD025DC019F00FD0857 /* Podcasts Pro */ = {
			isa = PBXGroup;
			children = (
				5CDABDD125DC019F00FD0857 /* Podcasts_ProApp.swift */,
				5CDABDD325DC019F00FD0857 /* ContentView.swift */,
				5CDABDD525DC01A000FD0857 /* Assets.xcassets */,
				5CDABDDA25DC01A000FD0857 /* Info.plist */,
				5CDABDDB25DC01A000FD0857 /* Podcasts_Pro.entitlements */,
				5CDABDD725DC01A000FD0857 /* Preview Content */,
			);
			path = "Podcasts Pro";
			sourceTree = "<group>";
		};
		5CDABDD725DC01A000FD0857 /* Preview Content */ = {
			isa = PBXGroup;
			children = (
				5CDABDD825DC01A000FD0857 /* Preview Assets.xcassets */,
			);
			path = "Preview Content";
			sourceTree = "<group>";
		};
		5CDABDE125DC01C000FD0857 /* Frameworks */ = {
			isa = PBXGroup;
			children = (
			);
			name = Frameworks;
			sourceTree = "<group>";
		};
/* End PBXGroup section */

/* Begin PBXNativeTarget section */
		5CBB7C4A25DB067D0056217C /* Podcasts */ = {
			isa = PBXNativeTarget;
			buildConfigurationList = 5CBB7C5A25DB067E0056217C /* Build configuration list for PBXNativeTarget "Podcasts" */;
			buildPhases = (
				5CBB7C4725DB067D0056217C /* Sources */,
				5CBB7C4825DB067D0056217C /* Frameworks */,
				5CBB7C4925DB067D0056217C /* Resources */,
			);
			buildRules = (
			);
			dependencies = (
			);
			name = Podcasts;
			packageProductDependencies = (
				5CBB7C5F25DB08DF0056217C /* FeedKit */,
			);
			productName = Podcasts;
			productReference = 5CBB7C4B25DB067D0056217C /* Podcasts.app */;
			productType = "com.apple.product-type.application";
		};
		5CDABDCE25DC019F00FD0857 /* Podcasts Pro */ = {
			isa = PBXNativeTarget;
			buildConfigurationList = 5CDABDDC25DC01A000FD0857 /* Build configuration list for PBXNativeTarget "Podcasts Pro" */;
			buildPhases = (
				5CDABDCB25DC019F00FD0857 /* Sources */,
				5CDABDCC25DC019F00FD0857 /* Frameworks */,
				5CDABDCD25DC019F00FD0857 /* Resources */,
			);
			buildRules = (
			);
			dependencies = (
			);
			name = "Podcasts Pro";
			packageProductDependencies = (
				5CDABDE225DC01C000FD0857 /* FeedKit */,
			);
			productName = "Podcasts Pro";
			productReference = 5CDABDCF25DC019F00FD0857 /* Podcasts Pro.app */;
			productType = "com.apple.product-type.application";
		};
/* End PBXNativeTarget section */

/* Begin PBXProject section */
		5CBB7C4325DB067D0056217C /* Project object */ = {
			isa = PBXProject;
			attributes = {
				LastSwiftUpdateCheck = 1230;
				LastUpgradeCheck = 1230;
				TargetAttributes = {
					5CBB7C4A25DB067D0056217C = {
						CreatedOnToolsVersion = 12.3;
					};
					5CDABDCE25DC019F00FD0857 = {
						CreatedOnToolsVersion = 12.3;
					};
				};
			};
			buildConfigurationList = 5CBB7C4625DB067D0056217C /* Build configuration list for PBXProject "Podcasts" */;
			compatibilityVersion = "Xcode 9.3";
			developmentRegion = en;
			hasScannedForEncodings = 0;
			knownRegions = (
				en,
				Base,
			);
			mainGroup = 5CBB7C4225DB067D0056217C;
			packageReferences = (
				5CBB7C5E25DB08DE0056217C /* XCRemoteSwiftPackageReference "FeedKit" */,
			);
			productRefGroup = 5CBB7C4C25DB067D0056217C /* Products */;
			projectDirPath = "";
			projectRoot = "";
			targets = (
				5CBB7C4A25DB067D0056217C /* Podcasts */,
				5CDABDCE25DC019F00FD0857 /* Podcasts Pro */,
			);
		};
/* End PBXProject section */

/* Begin PBXResourcesBuildPhase section */
		5CBB7C4925DB067D0056217C /* Resources */ = {
			isa = PBXResourcesBuildPhase;
			buildActionMask = 2147483647;
			files = (
				5CBB7C5625DB067E0056217C /* Preview Assets.xcassets in Resources */,
				5CBB7C5325DB067E0056217C /* Assets.xcassets in Resources */,
			);
			runOnlyForDeploymentPostprocessing = 0;
		};
		5CDABDCD25DC019F00FD0857 /* Resources */ = {
			isa = PBXResourcesBuildPhase;
			buildActionMask = 2147483647;
			files = (
				5CDABDD925DC01A000FD0857 /* Preview Assets.xcassets in Resources */,
				5CDABDD625DC01A000FD0857 /* Assets.xcassets in Resources */,
			);
			runOnlyForDeploymentPostprocessing = 0;
		};
/* End PBXResourcesBuildPhase section */

/* Begin PBXSourcesBuildPhase section */
		5CBB7C4725DB067D0056217C /* Sources */ = {
			isa = PBXSourcesBuildPhase;
			buildActionMask = 2147483647;
			files = (
				5CBAA22E25ED917700969A02 /* PlayerExtensions.swift in Sources */,
				5CBB7C6825DB09900056217C /* FeedView.swift in Sources */,
				5CBB7C7025DB09D30056217C /* DownloadsView.swift in Sources */,
				5CBAA29125EE62A500969A02 /* Always.swift in Sources */,
				5CDABDC525DBF75900FD0857 /* PlayerView.swift in Sources */,
				5C3516C92600977900154A5F /* FeedItemMeta.swift in Sources */,
				5C3516CE260099B600154A5F /* DownloadManager.swift in Sources */,
				5CBAA23225ED91AC00969A02 /* RSSFeedExtensions.swift in Sources */,
				5CBAA29625EE68AF00969A02 /* PlayerController.swift in Sources */,
				5C88903625E52AC500FE468B /* FeedRow.swift in Sources */,
				5C88903E25E52F1300FE468B /* ImageLoader.swift in Sources */,
				5C88903A25E52E3F00FE468B /* LoadableImage.swift in Sources */,
				5C155311260A1A2700AC8733 /* DownloadRow.swift in Sources */,
				5CBB7C7325DB0B890056217C /* FeedDataSource.swift in Sources */,
				5CBB7C4F25DB067D0056217C /* PodcastsApp.swift in Sources */,
				5C3516BF2600912500154A5F /* DownloadTaskPublisher.swift in Sources */,
			);
			runOnlyForDeploymentPostprocessing = 0;
		};
		5CDABDCB25DC019F00FD0857 /* Sources */ = {
			isa = PBXSourcesBuildPhase;
			buildActionMask = 2147483647;
			files = (
				5CDABDE825DC01D300FD0857 /* PodcastsApp.swift in Sources */,
				5CDABDE525DC01CE00FD0857 /* FeedView.swift in Sources */,
				5CDABDEA25DC01D300FD0857 /* PlayerView.swift in Sources */,
				5CDABDE925DC01D300FD0857 /* FeedDataSource.swift in Sources */,
				5CDABDD425DC019F00FD0857 /* ContentView.swift in Sources */,
				5CDABDE425DC01CE00FD0857 /* DownloadsView.swift in Sources */,
				5CDABDD225DC019F00FD0857 /* Podcasts_ProApp.swift in Sources */,
			);
			runOnlyForDeploymentPostprocessing = 0;
		};
/* End PBXSourcesBuildPhase section */

/* Begin XCBuildConfiguration section */
		5CBB7C5825DB067E0056217C /* Debug */ = {
			isa = XCBuildConfiguration;
			buildSettings = {
				ALWAYS_SEARCH_USER_PATHS = NO;
				CLANG_ANALYZER_NONNULL = YES;
				CLANG_ANALYZER_NUMBER_OBJECT_CONVERSION = YES_AGGRESSIVE;
				CLANG_CXX_LANGUAGE_STANDARD = "gnu++14";
				CLANG_CXX_LIBRARY = "libc++";
				CLANG_ENABLE_MODULES = YES;
				CLANG_ENABLE_OBJC_ARC = YES;
				CLANG_ENABLE_OBJC_WEAK = YES;
				CLANG_WARN_BLOCK_CAPTURE_AUTORELEASING = YES;
				CLANG_WARN_BOOL_CONVERSION = YES;
				CLANG_WARN_COMMA = YES;
				CLANG_WARN_CONSTANT_CONVERSION = YES;
				CLANG_WARN_DEPRECATED_OBJC_IMPLEMENTATIONS = YES;
				CLANG_WARN_DIRECT_OBJC_ISA_USAGE = YES_ERROR;
				CLANG_WARN_DOCUMENTATION_COMMENTS = YES;
				CLANG_WARN_EMPTY_BODY = YES;
				CLANG_WARN_ENUM_CONVERSION = YES;
				CLANG_WARN_INFINITE_RECURSION = YES;
				CLANG_WARN_INT_CONVERSION = YES;
				CLANG_WARN_NON_LITERAL_NULL_CONVERSION = YES;
				CLANG_WARN_OBJC_IMPLICIT_RETAIN_SELF = YES;
				CLANG_WARN_OBJC_LITERAL_CONVERSION = YES;
				CLANG_WARN_OBJC_ROOT_CLASS = YES_ERROR;
				CLANG_WARN_QUOTED_INCLUDE_IN_FRAMEWORK_HEADER = YES;
				CLANG_WARN_RANGE_LOOP_ANALYSIS = YES;
				CLANG_WARN_STRICT_PROTOTYPES = YES;
				CLANG_WARN_SUSPICIOUS_MOVE = YES;
				CLANG_WARN_UNGUARDED_AVAILABILITY = YES_AGGRESSIVE;
				CLANG_WARN_UNREACHABLE_CODE = YES;
				CLANG_WARN__DUPLICATE_METHOD_MATCH = YES;
				COPY_PHASE_STRIP = NO;
				DEBUG_INFORMATION_FORMAT = dwarf;
				ENABLE_STRICT_OBJC_MSGSEND = YES;
				ENABLE_TESTABILITY = YES;
				GCC_C_LANGUAGE_STANDARD = gnu11;
				GCC_DYNAMIC_NO_PIC = NO;
				GCC_NO_COMMON_BLOCKS = YES;
				GCC_OPTIMIZATION_LEVEL = 0;
				GCC_PREPROCESSOR_DEFINITIONS = (
					"DEBUG=1",
					"$(inherited)",
				);
				GCC_WARN_64_TO_32_BIT_CONVERSION = YES;
				GCC_WARN_ABOUT_RETURN_TYPE = YES_ERROR;
				GCC_WARN_UNDECLARED_SELECTOR = YES;
				GCC_WARN_UNINITIALIZED_AUTOS = YES_AGGRESSIVE;
				GCC_WARN_UNUSED_FUNCTION = YES;
				GCC_WARN_UNUSED_VARIABLE = YES;
				IPHONEOS_DEPLOYMENT_TARGET = 14.3;
				MTL_ENABLE_DEBUG_INFO = INCLUDE_SOURCE;
				MTL_FAST_MATH = YES;
				ONLY_ACTIVE_ARCH = YES;
				SDKROOT = iphoneos;
				SWIFT_ACTIVE_COMPILATION_CONDITIONS = DEBUG;
				SWIFT_OPTIMIZATION_LEVEL = "-Onone";
			};
			name = Debug;
		};
		5CBB7C5925DB067E0056217C /* Release */ = {
			isa = XCBuildConfiguration;
			buildSettings = {
				ALWAYS_SEARCH_USER_PATHS = NO;
				CLANG_ANALYZER_NONNULL = YES;
				CLANG_ANALYZER_NUMBER_OBJECT_CONVERSION = YES_AGGRESSIVE;
				CLANG_CXX_LANGUAGE_STANDARD = "gnu++14";
				CLANG_CXX_LIBRARY = "libc++";
				CLANG_ENABLE_MODULES = YES;
				CLANG_ENABLE_OBJC_ARC = YES;
				CLANG_ENABLE_OBJC_WEAK = YES;
				CLANG_WARN_BLOCK_CAPTURE_AUTORELEASING = YES;
				CLANG_WARN_BOOL_CONVERSION = YES;
				CLANG_WARN_COMMA = YES;
				CLANG_WARN_CONSTANT_CONVERSION = YES;
				CLANG_WARN_DEPRECATED_OBJC_IMPLEMENTATIONS = YES;
				CLANG_WARN_DIRECT_OBJC_ISA_USAGE = YES_ERROR;
				CLANG_WARN_DOCUMENTATION_COMMENTS = YES;
				CLANG_WARN_EMPTY_BODY = YES;
				CLANG_WARN_ENUM_CONVERSION = YES;
				CLANG_WARN_INFINITE_RECURSION = YES;
				CLANG_WARN_INT_CONVERSION = YES;
				CLANG_WARN_NON_LITERAL_NULL_CONVERSION = YES;
				CLANG_WARN_OBJC_IMPLICIT_RETAIN_SELF = YES;
				CLANG_WARN_OBJC_LITERAL_CONVERSION = YES;
				CLANG_WARN_OBJC_ROOT_CLASS = YES_ERROR;
				CLANG_WARN_QUOTED_INCLUDE_IN_FRAMEWORK_HEADER = YES;
				CLANG_WARN_RANGE_LOOP_ANALYSIS = YES;
				CLANG_WARN_STRICT_PROTOTYPES = YES;
				CLANG_WARN_SUSPICIOUS_MOVE = YES;
				CLANG_WARN_UNGUARDED_AVAILABILITY = YES_AGGRESSIVE;
				CLANG_WARN_UNREACHABLE_CODE = YES;
				CLANG_WARN__DUPLICATE_METHOD_MATCH = YES;
				COPY_PHASE_STRIP = NO;
				DEBUG_INFORMATION_FORMAT = "dwarf-with-dsym";
				ENABLE_NS_ASSERTIONS = NO;
				ENABLE_STRICT_OBJC_MSGSEND = YES;
				GCC_C_LANGUAGE_STANDARD = gnu11;
				GCC_NO_COMMON_BLOCKS = YES;
				GCC_WARN_64_TO_32_BIT_CONVERSION = YES;
				GCC_WARN_ABOUT_RETURN_TYPE = YES_ERROR;
				GCC_WARN_UNDECLARED_SELECTOR = YES;
				GCC_WARN_UNINITIALIZED_AUTOS = YES_AGGRESSIVE;
				GCC_WARN_UNUSED_FUNCTION = YES;
				GCC_WARN_UNUSED_VARIABLE = YES;
				IPHONEOS_DEPLOYMENT_TARGET = 14.3;
				MTL_ENABLE_DEBUG_INFO = NO;
				MTL_FAST_MATH = YES;
				SDKROOT = iphoneos;
				SWIFT_COMPILATION_MODE = wholemodule;
				SWIFT_OPTIMIZATION_LEVEL = "-O";
				VALIDATE_PRODUCT = YES;
			};
			name = Release;
		};
		5CBB7C5B25DB067E0056217C /* Debug */ = {
			isa = XCBuildConfiguration;
			buildSettings = {
				ASSETCATALOG_COMPILER_APPICON_NAME = AppIcon;
				ASSETCATALOG_COMPILER_GLOBAL_ACCENT_COLOR_NAME = AccentColor;
				CODE_SIGN_STYLE = Automatic;
				DEVELOPMENT_ASSET_PATHS = "\"Podcasts/Preview Content\"";
				DEVELOPMENT_TEAM = TLXHRYF458;
				ENABLE_PREVIEWS = YES;
				INFOPLIST_FILE = Podcasts/Info.plist;
				IPHONEOS_DEPLOYMENT_TARGET = 14.0;
				LD_RUNPATH_SEARCH_PATHS = (
					"$(inherited)",
					"@executable_path/Frameworks",
				);
				PRODUCT_BUNDLE_IDENTIFIER = "i-samalazau.Podcasts";
				PRODUCT_NAME = "$(TARGET_NAME)";
				SWIFT_VERSION = 5.0;
				TARGETED_DEVICE_FAMILY = "1,2";
			};
			name = Debug;
		};
		5CBB7C5C25DB067E0056217C /* Release */ = {
			isa = XCBuildConfiguration;
			buildSettings = {
				ASSETCATALOG_COMPILER_APPICON_NAME = AppIcon;
				ASSETCATALOG_COMPILER_GLOBAL_ACCENT_COLOR_NAME = AccentColor;
				CODE_SIGN_STYLE = Automatic;
				DEVELOPMENT_ASSET_PATHS = "\"Podcasts/Preview Content\"";
				DEVELOPMENT_TEAM = TLXHRYF458;
				ENABLE_PREVIEWS = YES;
				INFOPLIST_FILE = Podcasts/Info.plist;
				IPHONEOS_DEPLOYMENT_TARGET = 14.0;
				LD_RUNPATH_SEARCH_PATHS = (
					"$(inherited)",
					"@executable_path/Frameworks",
				);
				PRODUCT_BUNDLE_IDENTIFIER = "i-samalazau.Podcasts";
				PRODUCT_NAME = "$(TARGET_NAME)";
				SWIFT_VERSION = 5.0;
				TARGETED_DEVICE_FAMILY = "1,2";
			};
			name = Release;
		};
		5CDABDDD25DC01A000FD0857 /* Debug */ = {
			isa = XCBuildConfiguration;
			buildSettings = {
				ASSETCATALOG_COMPILER_APPICON_NAME = AppIcon;
				ASSETCATALOG_COMPILER_GLOBAL_ACCENT_COLOR_NAME = AccentColor;
				CODE_SIGN_ENTITLEMENTS = "Podcasts Pro/Podcasts_Pro.entitlements";
				CODE_SIGN_STYLE = Automatic;
				COMBINE_HIDPI_IMAGES = YES;
				DEVELOPMENT_ASSET_PATHS = "\"Podcasts Pro/Preview Content\"";
				DEVELOPMENT_TEAM = TLXHRYF458;
				ENABLE_HARDENED_RUNTIME = YES;
				ENABLE_PREVIEWS = YES;
				INFOPLIST_FILE = "Podcasts Pro/Info.plist";
				LD_RUNPATH_SEARCH_PATHS = (
					"$(inherited)",
					"@executable_path/../Frameworks",
				);
				MACOSX_DEPLOYMENT_TARGET = 10.15;
				PRODUCT_BUNDLE_IDENTIFIER = "i-samalazau.Podcasts-Pro";
				PRODUCT_NAME = "$(TARGET_NAME)";
				SDKROOT = macosx;
				SWIFT_VERSION = 5.0;
			};
			name = Debug;
		};
		5CDABDDE25DC01A000FD0857 /* Release */ = {
			isa = XCBuildConfiguration;
			buildSettings = {
				ASSETCATALOG_COMPILER_APPICON_NAME = AppIcon;
				ASSETCATALOG_COMPILER_GLOBAL_ACCENT_COLOR_NAME = AccentColor;
				CODE_SIGN_ENTITLEMENTS = "Podcasts Pro/Podcasts_Pro.entitlements";
				CODE_SIGN_STYLE = Automatic;
				COMBINE_HIDPI_IMAGES = YES;
				DEVELOPMENT_ASSET_PATHS = "\"Podcasts Pro/Preview Content\"";
				DEVELOPMENT_TEAM = TLXHRYF458;
				ENABLE_HARDENED_RUNTIME = YES;
				ENABLE_PREVIEWS = YES;
				INFOPLIST_FILE = "Podcasts Pro/Info.plist";
				LD_RUNPATH_SEARCH_PATHS = (
					"$(inherited)",
					"@executable_path/../Frameworks",
				);
				MACOSX_DEPLOYMENT_TARGET = 10.15;
				PRODUCT_BUNDLE_IDENTIFIER = "i-samalazau.Podcasts-Pro";
				PRODUCT_NAME = "$(TARGET_NAME)";
				SDKROOT = macosx;
				SWIFT_VERSION = 5.0;
			};
			name = Release;
		};
/* End XCBuildConfiguration section */

/* Begin XCConfigurationList section */
		5CBB7C4625DB067D0056217C /* Build configuration list for PBXProject "Podcasts" */ = {
			isa = XCConfigurationList;
			buildConfigurations = (
				5CBB7C5825DB067E0056217C /* Debug */,
				5CBB7C5925DB067E0056217C /* Release */,
			);
			defaultConfigurationIsVisible = 0;
			defaultConfigurationName = Release;
		};
		5CBB7C5A25DB067E0056217C /* Build configuration list for PBXNativeTarget "Podcasts" */ = {
			isa = XCConfigurationList;
			buildConfigurations = (
				5CBB7C5B25DB067E0056217C /* Debug */,
				5CBB7C5C25DB067E0056217C /* Release */,
			);
			defaultConfigurationIsVisible = 0;
			defaultConfigurationName = Release;
		};
		5CDABDDC25DC01A000FD0857 /* Build configuration list for PBXNativeTarget "Podcasts Pro" */ = {
			isa = XCConfigurationList;
			buildConfigurations = (
				5CDABDDD25DC01A000FD0857 /* Debug */,
				5CDABDDE25DC01A000FD0857 /* Release */,
			);
			defaultConfigurationIsVisible = 0;
			defaultConfigurationName = Release;
		};
/* End XCConfigurationList section */

/* Begin XCRemoteSwiftPackageReference section */
		5CBB7C5E25DB08DE0056217C /* XCRemoteSwiftPackageReference "FeedKit" */ = {
			isa = XCRemoteSwiftPackageReference;
			repositoryURL = "https://github.com/nmdias/FeedKit.git";
			requirement = {
				kind = upToNextMajorVersion;
				minimumVersion = 9.0.0;
			};
		};
/* End XCRemoteSwiftPackageReference section */

/* Begin XCSwiftPackageProductDependency section */
		5CBB7C5F25DB08DF0056217C /* FeedKit */ = {
			isa = XCSwiftPackageProductDependency;
			package = 5CBB7C5E25DB08DE0056217C /* XCRemoteSwiftPackageReference "FeedKit" */;
			productName = FeedKit;
		};
		5CDABDE225DC01C000FD0857 /* FeedKit */ = {
			isa = XCSwiftPackageProductDependency;
			package = 5CBB7C5E25DB08DE0056217C /* XCRemoteSwiftPackageReference "FeedKit" */;
			productName = FeedKit;
		};
/* End XCSwiftPackageProductDependency section */
	};
	rootObject = 5CBB7C4325DB067D0056217C /* Project object */;
}
